
Microsoft Visual Studio Solution File, Format Version 12.00
# Visual Studio Version 16
VisualStudioVersion = 16.0.29920.165
MinimumVisualStudioVersion = 10.0.40219.1
Project("{9A19103F-16F7-4668-BE54-9A1E7A4F7556}") = "QuantityMeasurementAPI", "QuantityMeasurementAPI\QuantityMeasurementAPI.csproj", "{24D3B850-4CF5-4EFE-A48D-6F9D48ACAA27}"
EndProject
Project("{9A19103F-16F7-4668-BE54-9A1E7A4F7556}") = "QuantityMeasurementRepository", "QuantityMeasurementRepository\QuantityMeasurementRepository.csproj", "{2D251E57-A8BC-42A7-A620-6C2D57076377}"
EndProject
Project("{FAE04EC0-301F-11D3-BF4B-00C04F79EFBC}") = "QuantityMeasurementModel", "QuantityMeasurementModel\QuantityMeasurementModel.csproj", "{0FD2F424-1E7E-42C2-ACCF-C45B84FD3838}"
EndProject
Project("{FAE04EC0-301F-11D3-BF4B-00C04F79EFBC}") = "QuantityMeasurementConverter", "QuantityMeasurementConverter\QuantityMeasurementConverter.csproj", "{029B581F-09DE-49D9-B5E2-76C8E2F5C2B2}"
EndProject
Global
	GlobalSection(SolutionConfigurationPlatforms) = preSolution
		Debug|Any CPU = Debug|Any CPU
		Release|Any CPU = Release|Any CPU
	EndGlobalSection
	GlobalSection(ProjectConfigurationPlatforms) = postSolution
		{24D3B850-4CF5-4EFE-A48D-6F9D48ACAA27}.Debug|Any CPU.ActiveCfg = Debug|Any CPU
		{24D3B850-4CF5-4EFE-A48D-6F9D48ACAA27}.Debug|Any CPU.Build.0 = Debug|Any CPU
		{24D3B850-4CF5-4EFE-A48D-6F9D48ACAA27}.Release|Any CPU.ActiveCfg = Release|Any CPU
		{24D3B850-4CF5-4EFE-A48D-6F9D48ACAA27}.Release|Any CPU.Build.0 = Release|Any CPU
		{2D251E57-A8BC-42A7-A620-6C2D57076377}.Debug|Any CPU.ActiveCfg = Debug|Any CPU
		{2D251E57-A8BC-42A7-A620-6C2D57076377}.Debug|Any CPU.Build.0 = Debug|Any CPU
		{2D251E57-A8BC-42A7-A620-6C2D57076377}.Release|Any CPU.ActiveCfg = Release|Any CPU
		{2D251E57-A8BC-42A7-A620-6C2D57076377}.Release|Any CPU.Build.0 = Release|Any CPU
		{0FD2F424-1E7E-42C2-ACCF-C45B84FD3838}.Debug|Any CPU.ActiveCfg = Debug|Any CPU
		{0FD2F424-1E7E-42C2-ACCF-C45B84FD3838}.Debug|Any CPU.Build.0 = Debug|Any CPU
		{0FD2F424-1E7E-42C2-ACCF-C45B84FD3838}.Release|Any CPU.ActiveCfg = Release|Any CPU
		{0FD2F424-1E7E-42C2-ACCF-C45B84FD3838}.Release|Any CPU.Build.0 = Release|Any CPU
		{029B581F-09DE-49D9-B5E2-76C8E2F5C2B2}.Debug|Any CPU.ActiveCfg = Debug|Any CPU
		{029B581F-09DE-49D9-B5E2-76C8E2F5C2B2}.Debug|Any CPU.Build.0 = Debug|Any CPU
		{029B581F-09DE-49D9-B5E2-76C8E2F5C2B2}.Release|Any CPU.ActiveCfg = Release|Any CPU
		{029B581F-09DE-49D9-B5E2-76C8E2F5C2B2}.Release|Any CPU.Build.0 = Release|Any CPU
	EndGlobalSection
	GlobalSection(SolutionProperties) = preSolution
		HideSolutionNode = FALSE
	EndGlobalSection
	GlobalSection(ExtensibilityGlobals) = postSolution
		SolutionGuid = {7CB23A7D-2433-48C1-86D9-9CC2B288EB5A}
	EndGlobalSection
EndGlobal
