
Microsoft Visual Studio Solution File, Format Version 12.00
# Visual Studio Version 16
VisualStudioVersion = 16.0.29920.165
MinimumVisualStudioVersion = 10.0.40219.1
Project("{9A19103F-16F7-4668-BE54-9A1E7A4F7556}") = "QuantityMeasurement", "QuantityMeasurement\QuantityMeasurement.csproj", "{086C31B6-E882-4211-9DA8-BBFFAFE10C37}"
EndProject
Project("{9A19103F-16F7-4668-BE54-9A1E7A4F7556}") = "QuantityMeasurementModel", "QuantityMeasurementModel\QuantityMeasurementModel.csproj", "{96699737-1B46-4531-9C76-6F66ABA2D22A}"
EndProject
Project("{9A19103F-16F7-4668-BE54-9A1E7A4F7556}") = "QuantityRepository", "QuantityRepository\QuantityRepository.csproj", "{23B7A21A-7B39-43F6-9DC3-45D86F3EDF0E}"
EndProject
Project("{FAE04EC0-301F-11D3-BF4B-00C04F79EFBC}") = "QuantityManager", "QuantityManager\QuantityManager.csproj", "{9BA3D12A-6D4C-4A3B-BC73-677DAEADC97A}"
EndProject
Global
	GlobalSection(SolutionConfigurationPlatforms) = preSolution
		Debug|Any CPU = Debug|Any CPU
		Release|Any CPU = Release|Any CPU
	EndGlobalSection
	GlobalSection(ProjectConfigurationPlatforms) = postSolution
		{086C31B6-E882-4211-9DA8-BBFFAFE10C37}.Debug|Any CPU.ActiveCfg = Debug|Any CPU
		{086C31B6-E882-4211-9DA8-BBFFAFE10C37}.Debug|Any CPU.Build.0 = Debug|Any CPU
		{086C31B6-E882-4211-9DA8-BBFFAFE10C37}.Release|Any CPU.ActiveCfg = Release|Any CPU
		{086C31B6-E882-4211-9DA8-BBFFAFE10C37}.Release|Any CPU.Build.0 = Release|Any CPU
		{96699737-1B46-4531-9C76-6F66ABA2D22A}.Debug|Any CPU.ActiveCfg = Debug|Any CPU
		{96699737-1B46-4531-9C76-6F66ABA2D22A}.Debug|Any CPU.Build.0 = Debug|Any CPU
		{96699737-1B46-4531-9C76-6F66ABA2D22A}.Release|Any CPU.ActiveCfg = Release|Any CPU
		{96699737-1B46-4531-9C76-6F66ABA2D22A}.Release|Any CPU.Build.0 = Release|Any CPU
		{23B7A21A-7B39-43F6-9DC3-45D86F3EDF0E}.Debug|Any CPU.ActiveCfg = Debug|Any CPU
		{23B7A21A-7B39-43F6-9DC3-45D86F3EDF0E}.Debug|Any CPU.Build.0 = Debug|Any CPU
		{23B7A21A-7B39-43F6-9DC3-45D86F3EDF0E}.Release|Any CPU.ActiveCfg = Release|Any CPU
		{23B7A21A-7B39-43F6-9DC3-45D86F3EDF0E}.Release|Any CPU.Build.0 = Release|Any CPU
		{9BA3D12A-6D4C-4A3B-BC73-677DAEADC97A}.Debug|Any CPU.ActiveCfg = Debug|Any CPU
		{9BA3D12A-6D4C-4A3B-BC73-677DAEADC97A}.Debug|Any CPU.Build.0 = Debug|Any CPU
		{9BA3D12A-6D4C-4A3B-BC73-677DAEADC97A}.Release|Any CPU.ActiveCfg = Release|Any CPU
		{9BA3D12A-6D4C-4A3B-BC73-677DAEADC97A}.Release|Any CPU.Build.0 = Release|Any CPU
	EndGlobalSection
	GlobalSection(SolutionProperties) = preSolution
		HideSolutionNode = FALSE
	EndGlobalSection
	GlobalSection(ExtensibilityGlobals) = postSolution
		SolutionGuid = {682BE0B7-38E9-49FB-AD49-999A477A80E6}
	EndGlobalSection
EndGlobal
